
Microsoft Visual Studio Solution File, Format Version 12.00
# Visual Studio Version 16
VisualStudioVersion = 16.0.29911.84
MinimumVisualStudioVersion = 10.0.40219.1
Project("{FAE04EC0-301F-11D3-BF4B-00C04F79EFBC}") = "kolokwium2(prawidzyw)", "kolokwium2(prawidzyw).csproj", "{8492ECDC-DA25-4F12-9D23-957390116F24}"
EndProject
Global
	GlobalSection(SolutionConfigurationPlatforms) = preSolution
		Debug|Any CPU = Debug|Any CPU
		Release|Any CPU = Release|Any CPU
	EndGlobalSection
	GlobalSection(ProjectConfigurationPlatforms) = postSolution
		{8492ECDC-DA25-4F12-9D23-957390116F24}.Debug|Any CPU.ActiveCfg = Debug|Any CPU
		{8492ECDC-DA25-4F12-9D23-957390116F24}.Debug|Any CPU.Build.0 = Debug|Any CPU
		{8492ECDC-DA25-4F12-9D23-957390116F24}.Release|Any CPU.ActiveCfg = Release|Any CPU
		{8492ECDC-DA25-4F12-9D23-957390116F24}.Release|Any CPU.Build.0 = Release|Any CPU
	EndGlobalSection
	GlobalSection(SolutionProperties) = preSolution
		HideSolutionNode = FALSE
	EndGlobalSection
	GlobalSection(ExtensibilityGlobals) = postSolution
		SolutionGuid = {ACA46BE2-23D7-402D-9A22-0AA102A052AE}
	EndGlobalSection
EndGlobal
